// !$*UTF8*$!
{
	archiveVersion = 1;
	classes = {
	};
	objectVersion = 46;
	objects = {

/* Begin PBXBuildFile section */
		03F17BE41F36EB450051B898 /* main.m in Sources */ = {isa = PBXBuildFile; fileRef = 03F17BE31F36EB450051B898 /* main.m */; };
		03F17BE71F36EB450051B898 /* AppDelegate.m in Sources */ = {isa = PBXBuildFile; fileRef = 03F17BE61F36EB450051B898 /* AppDelegate.m */; };
		03F17BEA1F36EB450051B898 /* ViewController.m in Sources */ = {isa = PBXBuildFile; fileRef = 03F17BE91F36EB450051B898 /* ViewController.m */; };
		03F17BED1F36EB450051B898 /* Main.storyboard in Resources */ = {isa = PBXBuildFile; fileRef = 03F17BEB1F36EB450051B898 /* Main.storyboard */; };
		03F17BEF1F36EB450051B898 /* Assets.xcassets in Resources */ = {isa = PBXBuildFile; fileRef = 03F17BEE1F36EB450051B898 /* Assets.xcassets */; };
		03F17BF21F36EB450051B898 /* LaunchScreen.storyboard in Resources */ = {isa = PBXBuildFile; fileRef = 03F17BF01F36EB450051B898 /* LaunchScreen.storyboard */; };
/* End PBXBuildFile section */

/* Begin PBXFileReference section */
		03F17BDF1F36EB450051B898 /* BuDeJie.app */ = {isa = PBXFileReference; explicitFileType = wrapper.application; includeInIndex = 0; path = BuDeJie.app; sourceTree = BUILT_PRODUCTS_DIR; };
		03F17BE31F36EB450051B898 /* main.m */ = {isa = PBXFileReference; lastKnownFileType = sourcecode.c.objc; path = main.m; sourceTree = "<group>"; };
		03F17BE51F36EB450051B898 /* AppDelegate.h */ = {isa = PBXFileReference; lastKnownFileType = sourcecode.c.h; path = AppDelegate.h; sourceTree = "<group>"; };
		03F17BE61F36EB450051B898 /* AppDelegate.m */ = {isa = PBXFileReference; lastKnownFileType = sourcecode.c.objc; path = AppDelegate.m; sourceTree = "<group>"; };
		03F17BE81F36EB450051B898 /* ViewController.h */ = {isa = PBXFileReference; lastKnownFileType = sourcecode.c.h; path = ViewController.h; sourceTree = "<group>"; };
		03F17BE91F36EB450051B898 /* ViewController.m */ = {isa = PBXFileReference; lastKnownFileType = sourcecode.c.objc; path = ViewController.m; sourceTree = "<group>"; };
		03F17BEC1F36EB450051B898 /* Base */ = {isa = PBXFileReference; lastKnownFileType = file.storyboard; name = Base; path = Base.lproj/Main.storyboard; sourceTree = "<group>"; };
		03F17BEE1F36EB450051B898 /* Assets.xcassets */ = {isa = PBXFileReference; lastKnownFileType = folder.assetcatalog; path = Assets.xcassets; sourceTree = "<group>"; };
		03F17BF11F36EB450051B898 /* Base */ = {isa = PBXFileReference; lastKnownFileType = file.storyboard; name = Base; path = Base.lproj/LaunchScreen.storyboard; sourceTree = "<group>"; };
		03F17BF31F36EB450051B898 /* Info.plist */ = {isa = PBXFileReference; lastKnownFileType = text.plist.xml; path = Info.plist; sourceTree = "<group>"; };
/* End PBXFileReference section */

/* Begin PBXFrameworksBuildPhase section */
		03F17BDC1F36EB450051B898 /* Frameworks */ = {
			isa = PBXFrameworksBuildPhase;
			buildActionMask = 2147483647;
			files = (
			);
			runOnlyForDeploymentPostprocessing = 0;
		};
/* End PBXFrameworksBuildPhase section */

/* Begin PBXGroup section */
		03F17BD61F36EB450051B898 = {
			isa = PBXGroup;
			children = (
				03F17BE11F36EB450051B898 /* BuDeJie */,
				03F17BE01F36EB450051B898 /* Products */,
			);
			sourceTree = "<group>";
		};
		03F17BE01F36EB450051B898 /* Products */ = {
			isa = PBXGroup;
			children = (
				03F17BDF1F36EB450051B898 /* BuDeJie.app */,
			);
			name = Products;
			sourceTree = "<group>";
		};
		03F17BE11F36EB450051B898 /* BuDeJie */ = {
			isa = PBXGroup;
			children = (
				03F17BE51F36EB450051B898 /* AppDelegate.h */,
				03F17BE61F36EB450051B898 /* AppDelegate.m */,
				03F17BE81F36EB450051B898 /* ViewController.h */,
				03F17BE91F36EB450051B898 /* ViewController.m */,
				03F17BEB1F36EB450051B898 /* Main.storyboard */,
				03F17BEE1F36EB450051B898 /* Assets.xcassets */,
				03F17BF01F36EB450051B898 /* LaunchScreen.storyboard */,
				03F17BF31F36EB450051B898 /* Info.plist */,
				03F17BE21F36EB450051B898 /* Supporting Files */,
			);
			path = BuDeJie;
			sourceTree = "<group>";
		};
		03F17BE21F36EB450051B898 /* Supporting Files */ = {
			isa = PBXGroup;
			children = (
				03F17BE31F36EB450051B898 /* main.m */,
			);
			name = "Supporting Files";
			sourceTree = "<group>";
		};
/* End PBXGroup section */

/* Begin PBXNativeTarget section */
		03F17BDE1F36EB450051B898 /* BuDeJie */ = {
			isa = PBXNativeTarget;
			buildConfigurationList = 03F17BF61F36EB450051B898 /* Build configuration list for PBXNativeTarget "BuDeJie" */;
			buildPhases = (
				03F17BDB1F36EB450051B898 /* Sources */,
				03F17BDC1F36EB450051B898 /* Frameworks */,
				03F17BDD1F36EB450051B898 /* Resources */,
			);
			buildRules = (
			);
			dependencies = (
			);
			name = BuDeJie;
			productName = BuDeJie;
			productReference = 03F17BDF1F36EB450051B898 /* BuDeJie.app */;
			productType = "com.apple.product-type.application";
		};
/* End PBXNativeTarget section */

/* Begin PBXProject section */
		03F17BD71F36EB450051B898 /* Project object */ = {
			isa = PBXProject;
			attributes = {
				LastUpgradeCheck = 0830;
				ORGANIZATIONNAME = liufeng;
				TargetAttributes = {
					03F17BDE1F36EB450051B898 = {
						CreatedOnToolsVersion = 8.3.3;
						DevelopmentTeam = QDT8L8LPPU;
						ProvisioningStyle = Automatic;
					};
				};
			};
			buildConfigurationList = 03F17BDA1F36EB450051B898 /* Build configuration list for PBXProject "BuDeJie" */;
			compatibilityVersion = "Xcode 3.2";
			developmentRegion = English;
			hasScannedForEncodings = 0;
			knownRegions = (
				en,
				Base,
			);
			mainGroup = 03F17BD61F36EB450051B898;
			productRefGroup = 03F17BE01F36EB450051B898 /* Products */;
			projectDirPath = "";
			projectRoot = "";
			targets = (
				03F17BDE1F36EB450051B898 /* BuDeJie */,
			);
		};
/* End PBXProject section */

/* Begin PBXResourcesBuildPhase section */
		03F17BDD1F36EB450051B898 /* Resources */ = {
			isa = PBXResourcesBuildPhase;
			buildActionMask = 2147483647;
			files = (
				03F17BF21F36EB450051B898 /* LaunchScreen.storyboard in Resources */,
				03F17BEF1F36EB450051B898 /* Assets.xcassets in Resources */,
				03F17BED1F36EB450051B898 /* Main.storyboard in Resources */,
			);
			runOnlyForDeploymentPostprocessing = 0;
		};
/* End PBXResourcesBuildPhase section */

/* Begin PBXSourcesBuildPhase section */
		03F17BDB1F36EB450051B898 /* Sources */ = {
			isa = PBXSourcesBuildPhase;
			buildActionMask = 2147483647;
			files = (
				03F17BEA1F36EB450051B898 /* ViewController.m in Sources */,
				03F17BE71F36EB450051B898 /* AppDelegate.m in Sources */,
				03F17BE41F36EB450051B898 /* main.m in Sources */,
			);
			runOnlyForDeploymentPostprocessing = 0;
		};
/* End PBXSourcesBuildPhase section */

/* Begin PBXVariantGroup section */
		03F17BEB1F36EB450051B898 /* Main.storyboard */ = {
			isa = PBXVariantGroup;
			children = (
				03F17BEC1F36EB450051B898 /* Base */,
			);
			name = Main.storyboard;
			sourceTree = "<group>";
		};
		03F17BF01F36EB450051B898 /* LaunchScreen.storyboard */ = {
			isa = PBXVariantGroup;
			children = (
				03F17BF11F36EB450051B898 /* Base */,
			);
			name = LaunchScreen.storyboard;
			sourceTree = "<group>";
		};
/* End PBXVariantGroup section */

/* Begin XCBuildConfiguration section */
		03F17BF41F36EB450051B898 /* Debug */ = {
			isa = XCBuildConfiguration;
			buildSettings = {
				ALWAYS_SEARCH_USER_PATHS = NO;
				CLANG_ANALYZER_NONNULL = YES;
				CLANG_ANALYZER_NUMBER_OBJECT_CONVERSION = YES_AGGRESSIVE;
				CLANG_CXX_LANGUAGE_STANDARD = "gnu++0x";
				CLANG_CXX_LIBRARY = "libc++";
				CLANG_ENABLE_MODULES = YES;
				CLANG_ENABLE_OBJC_ARC = YES;
				CLANG_WARN_BOOL_CONVERSION = YES;
				CLANG_WARN_CONSTANT_CONVERSION = YES;
				CLANG_WARN_DIRECT_OBJC_ISA_USAGE = YES_ERROR;
				CLANG_WARN_DOCUMENTATION_COMMENTS = YES;
				CLANG_WARN_EMPTY_BODY = YES;
				CLANG_WARN_ENUM_CONVERSION = YES;
				CLANG_WARN_INFINITE_RECURSION = YES;
				CLANG_WARN_INT_CONVERSION = YES;
				CLANG_WARN_OBJC_ROOT_CLASS = YES_ERROR;
				CLANG_WARN_SUSPICIOUS_MOVE = YES;
				CLANG_WARN_UNREACHABLE_CODE = YES;
				CLANG_WARN__DUPLICATE_METHOD_MATCH = YES;
				"CODE_SIGN_IDENTITY[sdk=iphoneos*]" = "iPhone Developer";
				COPY_PHASE_STRIP = NO;
				DEBUG_INFORMATION_FORMAT = dwarf;
				ENABLE_STRICT_OBJC_MSGSEND = YES;
				ENABLE_TESTABILITY = YES;
				GCC_C_LANGUAGE_STANDARD = gnu99;
				GCC_DYNAMIC_NO_PIC = NO;
				GCC_NO_COMMON_BLOCKS = YES;
				GCC_OPTIMIZATION_LEVEL = 0;
				GCC_PREPROCESSOR_DEFINITIONS = (
					"DEBUG=1",
					"$(inherited)",
				);
				GCC_WARN_64_TO_32_BIT_CONVERSION = YES;
				GCC_WARN_ABOUT_RETURN_TYPE = YES_ERROR;
				GCC_WARN_UNDECLARED_SELECTOR = YES;
				GCC_WARN_UNINITIALIZED_AUTOS = YES_AGGRESSIVE;
				GCC_WARN_UNUSED_FUNCTION = YES;
				GCC_WARN_UNUSED_VARIABLE = YES;
				IPHONEOS_DEPLOYMENT_TARGET = 10.3;
				MTL_ENABLE_DEBUG_INFO = YES;
				ONLY_ACTIVE_ARCH = YES;
				SDKROOT = iphoneos;
			};
			name = Debug;
		};
		03F17BF51F36EB450051B898 /* Release */ = {
			isa = XCBuildConfiguration;
			buildSettings = {
				ALWAYS_SEARCH_USER_PATHS = NO;
				CLANG_ANALYZER_NONNULL = YES;
				CLANG_ANALYZER_NUMBER_OBJECT_CONVERSION = YES_AGGRESSIVE;
				CLANG_CXX_LANGUAGE_STANDARD = "gnu++0x";
				CLANG_CXX_LIBRARY = "libc++";
				CLANG_ENABLE_MODULES = YES;
				CLANG_ENABLE_OBJC_ARC = YES;
				CLANG_WARN_BOOL_CONVERSION = YES;
				CLANG_WARN_CONSTANT_CONVERSION = YES;
				CLANG_WARN_DIRECT_OBJC_ISA_USAGE = YES_ERROR;
				CLANG_WARN_DOCUMENTATION_COMMENTS = YES;
				CLANG_WARN_EMPTY_BODY = YES;
				CLANG_WARN_ENUM_CONVERSION = YES;
				CLANG_WARN_INFINITE_RECURSION = YES;
				CLANG_WARN_INT_CONVERSION = YES;
				CLANG_WARN_OBJC_ROOT_CLASS = YES_ERROR;
				CLANG_WARN_SUSPICIOUS_MOVE = YES;
				CLANG_WARN_UNREACHABLE_CODE = YES;
				CLANG_WARN__DUPLICATE_METHOD_MATCH = YES;
				"CODE_SIGN_IDENTITY[sdk=iphoneos*]" = "iPhone Developer";
				COPY_PHASE_STRIP = NO;
				DEBUG_INFORMATION_FORMAT = "dwarf-with-dsym";
				ENABLE_NS_ASSERTIONS = NO;
				ENABLE_STRICT_OBJC_MSGSEND = YES;
				GCC_C_LANGUAGE_STANDARD = gnu99;
				GCC_NO_COMMON_BLOCKS = YES;
				GCC_WARN_64_TO_32_BIT_CONVERSION = YES;
				GCC_WARN_ABOUT_RETURN_TYPE = YES_ERROR;
				GCC_WARN_UNDECLARED_SELECTOR = YES;
				GCC_WARN_UNINITIALIZED_AUTOS = YES_AGGRESSIVE;
				GCC_WARN_UNUSED_FUNCTION = YES;
				GCC_WARN_UNUSED_VARIABLE = YES;
				IPHONEOS_DEPLOYMENT_TARGET = 10.3;
				MTL_ENABLE_DEBUG_INFO = NO;
				SDKROOT = iphoneos;
				VALIDATE_PRODUCT = YES;
			};
			name = Release;
		};
		03F17BF71F36EB450051B898 /* Debug */ = {
			isa = XCBuildConfiguration;
			buildSettings = {
				ASSETCATALOG_COMPILER_APPICON_NAME = AppIcon;
				DEVELOPMENT_TEAM = QDT8L8LPPU;
				INFOPLIST_FILE = BuDeJie/Info.plist;
				LD_RUNPATH_SEARCH_PATHS = "$(inherited) @executable_path/Frameworks";
				PRODUCT_BUNDLE_IDENTIFIER = com.kaituo.BuDeJie;
				PRODUCT_NAME = "$(TARGET_NAME)";
			};
			name = Debug;
		};
		03F17BF81F36EB450051B898 /* Release */ = {
			isa = XCBuildConfiguration;
			buildSettings = {
				ASSETCATALOG_COMPILER_APPICON_NAME = AppIcon;
				DEVELOPMENT_TEAM = QDT8L8LPPU;
				INFOPLIST_FILE = BuDeJie/Info.plist;
				LD_RUNPATH_SEARCH_PATHS = "$(inherited) @executable_path/Frameworks";
				PRODUCT_BUNDLE_IDENTIFIER = com.kaituo.BuDeJie;
				PRODUCT_NAME = "$(TARGET_NAME)";
			};
			name = Release;
		};
/* End XCBuildConfiguration section */

/* Begin XCConfigurationList section */
		03F17BDA1F36EB450051B898 /* Build configuration list for PBXProject "BuDeJie" */ = {
			isa = XCConfigurationList;
			buildConfigurations = (
				03F17BF41F36EB450051B898 /* Debug */,
				03F17BF51F36EB450051B898 /* Release */,
			);
			defaultConfigurationIsVisible = 0;
			defaultConfigurationName = Release;
		};
		03F17BF61F36EB450051B898 /* Build configuration list for PBXNativeTarget "BuDeJie" */ = {
			isa = XCConfigurationList;
			buildConfigurations = (
				03F17BF71F36EB450051B898 /* Debug */,
				03F17BF81F36EB450051B898 /* Release */,
			);
			defaultConfigurationIsVisible = 0;
		};
/* End XCConfigurationList section */
	};
	rootObject = 03F17BD71F36EB450051B898 /* Project object */;
}
